// !$*UTF8*$!
{
	archiveVersion = 1;
	classes = {
	};
	objectVersion = 50;
	objects = {

/* Begin PBXBuildFile section */
		5BCC55D8261B15FC00D309AD /* launchScreen.storyboard in Resources */ = {isa = PBXBuildFile; fileRef = 5BCC55AC261B15FC00D309AD /* launchScreen.storyboard */; };
		5BCC55D9261B15FC00D309AD /* Main.storyboard in Resources */ = {isa = PBXBuildFile; fileRef = 5BCC55AD261B15FC00D309AD /* Main.storyboard */; };
		5BCC55DA261B15FC00D309AD /* song1.mp3 in Resources */ = {isa = PBXBuildFile; fileRef = 5BCC55B1261B15FC00D309AD /* song1.mp3 */; };
		5BCC55DB261B15FC00D309AD /* song0.mp3 in Resources */ = {isa = PBXBuildFile; fileRef = 5BCC55B2261B15FC00D309AD /* song0.mp3 */; };
		5BCC55DC261B15FC00D309AD /* song2.mp3 in Resources */ = {isa = PBXBuildFile; fileRef = 5BCC55B3261B15FC00D309AD /* song2.mp3 */; };
		5BCC55DD261B15FC00D309AD /* song3.mp3 in Resources */ = {isa = PBXBuildFile; fileRef = 5BCC55B4261B15FC00D309AD /* song3.mp3 */; };
		5BCC55DE261B15FC00D309AD /* song7.mp3 in Resources */ = {isa = PBXBuildFile; fileRef = 5BCC55B5261B15FC00D309AD /* song7.mp3 */; };
		5BCC55DF261B15FC00D309AD /* song6.mp3 in Resources */ = {isa = PBXBuildFile; fileRef = 5BCC55B6261B15FC00D309AD /* song6.mp3 */; };
		5BCC55E0261B15FC00D309AD /* song4.mp3 in Resources */ = {isa = PBXBuildFile; fileRef = 5BCC55B7261B15FC00D309AD /* song4.mp3 */; };
		5BCC55E1261B15FC00D309AD /* touchSong.mp3 in Resources */ = {isa = PBXBuildFile; fileRef = 5BCC55B8261B15FC00D309AD /* touchSong.mp3 */; };
		5BCC55E2261B15FC00D309AD /* song5.mp3 in Resources */ = {isa = PBXBuildFile; fileRef = 5BCC55B9261B15FC00D309AD /* song5.mp3 */; };
		5BCC55E3261B15FC00D309AD /* song8.mp3 in Resources */ = {isa = PBXBuildFile; fileRef = 5BCC55BA261B15FC00D309AD /* song8.mp3 */; };
		5BCC55E4261B15FC00D309AD /* Adumu.ttf in Resources */ = {isa = PBXBuildFile; fileRef = 5BCC55BC261B15FC00D309AD /* Adumu.ttf */; };
		5BCC55E5261B15FC00D309AD /* iomanoid shine.ttf in Resources */ = {isa = PBXBuildFile; fileRef = 5BCC55BD261B15FC00D309AD /* iomanoid shine.ttf */; };
		5BCC55E6261B15FC00D309AD /* YourDreamsDemoBrush-ZVWyq.ttf in Resources */ = {isa = PBXBuildFile; fileRef = 5BCC55BE261B15FC00D309AD /* YourDreamsDemoBrush-ZVWyq.ttf */; };
		5BCC55E7261B15FC00D309AD /* Assets.xcassets in Resources */ = {isa = PBXBuildFile; fileRef = 5BCC55BF261B15FC00D309AD /* Assets.xcassets */; };
		5BCC55E8261B15FC00D309AD /* GameViewController.swift in Sources */ = {isa = PBXBuildFile; fileRef = 5BCC55C1261B15FC00D309AD /* GameViewController.swift */; };
		5BCC55E9261B15FC00D309AD /* AdsManage.swift in Sources */ = {isa = PBXBuildFile; fileRef = 5BCC55C3261B15FC00D309AD /* AdsManage.swift */; };
		5BCC55EA261B15FC00D309AD /* AdsInterstitialManage.swift in Sources */ = {isa = PBXBuildFile; fileRef = 5BCC55C4261B15FC00D309AD /* AdsInterstitialManage.swift */; };
		5BCC55EB261B15FC00D309AD /* AdsAppOpenManage.swift in Sources */ = {isa = PBXBuildFile; fileRef = 5BCC55C5261B15FC00D309AD /* AdsAppOpenManage.swift */; };
		5BCC55EC261B15FC00D309AD /* AdsRewardedManage.swift in Sources */ = {isa = PBXBuildFile; fileRef = 5BCC55C6261B15FC00D309AD /* AdsRewardedManage.swift */; };
		5BCC55ED261B15FC00D309AD /* FirebaseManage.swift in Sources */ = {isa = PBXBuildFile; fileRef = 5BCC55C7261B15FC00D309AD /* FirebaseManage.swift */; };
		5BCC55EE261B15FC00D309AD /* AppDelegate.swift in Sources */ = {isa = PBXBuildFile; fileRef = 5BCC55C9261B15FC00D309AD /* AppDelegate.swift */; };
		5BCC55F0261B15FC00D309AD /* Actions.sks in Resources */ = {isa = PBXBuildFile; fileRef = 5BCC55CB261B15FC00D309AD /* Actions.sks */; };
		5BCC55F1261B15FC00D309AD /* MainMenu.sks in Resources */ = {isa = PBXBuildFile; fileRef = 5BCC55CD261B15FC00D309AD /* MainMenu.sks */; };
		5BCC55F2261B15FC00D309AD /* MainMenu.swift in Sources */ = {isa = PBXBuildFile; fileRef = 5BCC55CE261B15FC00D309AD /* MainMenu.swift */; };
		5BCC55F3261B15FC00D309AD /* NextLevelGap.swift in Sources */ = {isa = PBXBuildFile; fileRef = 5BCC55CF261B15FC00D309AD /* NextLevelGap.swift */; };
		5BCC55F4261B15FC00D309AD /* CustomGame.sks in Resources */ = {isa = PBXBuildFile; fileRef = 5BCC55D0261B15FC00D309AD /* CustomGame.sks */; };
		5BCC55F5261B15FC00D309AD /* CustomGame.swift in Sources */ = {isa = PBXBuildFile; fileRef = 5BCC55D1261B15FC00D309AD /* CustomGame.swift */; };
		5BCC55F6261B15FC00D309AD /* MSButtonNode.swift in Sources */ = {isa = PBXBuildFile; fileRef = 5BCC55D2261B15FC00D309AD /* MSButtonNode.swift */; };
		5BCC55F7261B15FC00D309AD /* Step.swift in Sources */ = {isa = PBXBuildFile; fileRef = 5BCC55D3261B15FC00D309AD /* Step.swift */; };
		5BCC55F8261B15FC00D309AD /* GameScene.sks in Resources */ = {isa = PBXBuildFile; fileRef = 5BCC55D4261B15FC00D309AD /* GameScene.sks */; };
		5BCC55F9261B15FC00D309AD /* GameScene.swift in Sources */ = {isa = PBXBuildFile; fileRef = 5BCC55D5261B15FC00D309AD /* GameScene.swift */; };
		5BCC55FA261B15FC00D309AD /* LabelGame.swift in Sources */ = {isa = PBXBuildFile; fileRef = 5BCC55D6261B15FC00D309AD /* LabelGame.swift */; };
		5BCC55FB261B15FC00D309AD /* NextLevelGap.sks in Resources */ = {isa = PBXBuildFile; fileRef = 5BCC55D7261B15FC00D309AD /* NextLevelGap.sks */; };
		CFD4063825FF6D710007A505 /* GameKit.framework in Frameworks */ = {isa = PBXBuildFile; fileRef = CFD4063725FF6D710007A505 /* GameKit.framework */; };
/* End PBXBuildFile section */

/* Begin PBXFileReference section */
		5BCC55AC261B15FC00D309AD /* launchScreen.storyboard */ = {isa = PBXFileReference; fileEncoding = 4; lastKnownFileType = file.storyboard; path = launchScreen.storyboard; sourceTree = "<group>"; };
		5BCC55AE261B15FC00D309AD /* Base */ = {isa = PBXFileReference; lastKnownFileType = file.storyboard; name = Base; path = Base.lproj/Main.storyboard; sourceTree = "<group>"; };
		5BCC55B1261B15FC00D309AD /* song1.mp3 */ = {isa = PBXFileReference; lastKnownFileType = audio.mp3; path = song1.mp3; sourceTree = "<group>"; };
		5BCC55B2261B15FC00D309AD /* song0.mp3 */ = {isa = PBXFileReference; lastKnownFileType = audio.mp3; path = song0.mp3; sourceTree = "<group>"; };
		5BCC55B3261B15FC00D309AD /* song2.mp3 */ = {isa = PBXFileReference; lastKnownFileType = audio.mp3; path = song2.mp3; sourceTree = "<group>"; };
		5BCC55B4261B15FC00D309AD /* song3.mp3 */ = {isa = PBXFileReference; lastKnownFileType = audio.mp3; path = song3.mp3; sourceTree = "<group>"; };
		5BCC55B5261B15FC00D309AD /* song7.mp3 */ = {isa = PBXFileReference; lastKnownFileType = audio.mp3; path = song7.mp3; sourceTree = "<group>"; };
		5BCC55B6261B15FC00D309AD /* song6.mp3 */ = {isa = PBXFileReference; lastKnownFileType = audio.mp3; path = song6.mp3; sourceTree = "<group>"; };
		5BCC55B7261B15FC00D309AD /* song4.mp3 */ = {isa = PBXFileReference; lastKnownFileType = audio.mp3; path = song4.mp3; sourceTree = "<group>"; };
		5BCC55B8261B15FC00D309AD /* touchSong.mp3 */ = {isa = PBXFileReference; lastKnownFileType = audio.mp3; path = touchSong.mp3; sourceTree = "<group>"; };
		5BCC55B9261B15FC00D309AD /* song5.mp3 */ = {isa = PBXFileReference; lastKnownFileType = audio.mp3; path = song5.mp3; sourceTree = "<group>"; };
		5BCC55BA261B15FC00D309AD /* song8.mp3 */ = {isa = PBXFileReference; lastKnownFileType = audio.mp3; path = song8.mp3; sourceTree = "<group>"; };
		5BCC55BC261B15FC00D309AD /* Adumu.ttf */ = {isa = PBXFileReference; lastKnownFileType = file; path = Adumu.ttf; sourceTree = "<group>"; };
		5BCC55BD261B15FC00D309AD /* iomanoid shine.ttf */ = {isa = PBXFileReference; lastKnownFileType = file; path = "iomanoid shine.ttf"; sourceTree = "<group>"; };
		5BCC55BE261B15FC00D309AD /* YourDreamsDemoBrush-ZVWyq.ttf */ = {isa = PBXFileReference; lastKnownFileType = file; path = "YourDreamsDemoBrush-ZVWyq.ttf"; sourceTree = "<group>"; };
		5BCC55BF261B15FC00D309AD /* Assets.xcassets */ = {isa = PBXFileReference; lastKnownFileType = folder.assetcatalog; path = Assets.xcassets; sourceTree = "<group>"; };
		5BCC55C1261B15FC00D309AD /* GameViewController.swift */ = {isa = PBXFileReference; fileEncoding = 4; lastKnownFileType = sourcecode.swift; path = GameViewController.swift; sourceTree = "<group>"; };
		5BCC55C3261B15FC00D309AD /* AdsManage.swift */ = {isa = PBXFileReference; fileEncoding = 4; lastKnownFileType = sourcecode.swift; path = AdsManage.swift; sourceTree = "<group>"; };
		5BCC55C4261B15FC00D309AD /* AdsInterstitialManage.swift */ = {isa = PBXFileReference; fileEncoding = 4; lastKnownFileType = sourcecode.swift; path = AdsInterstitialManage.swift; sourceTree = "<group>"; };
		5BCC55C5261B15FC00D309AD /* AdsAppOpenManage.swift */ = {isa = PBXFileReference; fileEncoding = 4; lastKnownFileType = sourcecode.swift; path = AdsAppOpenManage.swift; sourceTree = "<group>"; };
		5BCC55C6261B15FC00D309AD /* AdsRewardedManage.swift */ = {isa = PBXFileReference; fileEncoding = 4; lastKnownFileType = sourcecode.swift; path = AdsRewardedManage.swift; sourceTree = "<group>"; };
		5BCC55C7261B15FC00D309AD /* FirebaseManage.swift */ = {isa = PBXFileReference; fileEncoding = 4; lastKnownFileType = sourcecode.swift; path = FirebaseManage.swift; sourceTree = "<group>"; };
		5BCC55C9261B15FC00D309AD /* AppDelegate.swift */ = {isa = PBXFileReference; fileEncoding = 4; lastKnownFileType = sourcecode.swift; path = AppDelegate.swift; sourceTree = "<group>"; };
		5BCC55CA261B15FC00D309AD /* Info.plist */ = {isa = PBXFileReference; fileEncoding = 4; lastKnownFileType = text.plist.xml; path = Info.plist; sourceTree = "<group>"; };
		5BCC55CB261B15FC00D309AD /* Actions.sks */ = {isa = PBXFileReference; lastKnownFileType = file.sks; path = Actions.sks; sourceTree = "<group>"; };
		5BCC55CD261B15FC00D309AD /* MainMenu.sks */ = {isa = PBXFileReference; lastKnownFileType = file.sks; path = MainMenu.sks; sourceTree = "<group>"; };
		5BCC55CE261B15FC00D309AD /* MainMenu.swift */ = {isa = PBXFileReference; fileEncoding = 4; lastKnownFileType = sourcecode.swift; path = MainMenu.swift; sourceTree = "<group>"; };
		5BCC55CF261B15FC00D309AD /* NextLevelGap.swift */ = {isa = PBXFileReference; fileEncoding = 4; lastKnownFileType = sourcecode.swift; path = NextLevelGap.swift; sourceTree = "<group>"; };
		5BCC55D0261B15FC00D309AD /* CustomGame.sks */ = {isa = PBXFileReference; lastKnownFileType = file.sks; path = CustomGame.sks; sourceTree = "<group>"; };
		5BCC55D1261B15FC00D309AD /* CustomGame.swift */ = {isa = PBXFileReference; fileEncoding = 4; lastKnownFileType = sourcecode.swift; path = CustomGame.swift; sourceTree = "<group>"; };
		5BCC55D2261B15FC00D309AD /* MSButtonNode.swift */ = {isa = PBXFileReference; fileEncoding = 4; lastKnownFileType = sourcecode.swift; path = MSButtonNode.swift; sourceTree = "<group>"; };
		5BCC55D3261B15FC00D309AD /* Step.swift */ = {isa = PBXFileReference; fileEncoding = 4; lastKnownFileType = sourcecode.swift; path = Step.swift; sourceTree = "<group>"; };
		5BCC55D4261B15FC00D309AD /* GameScene.sks */ = {isa = PBXFileReference; lastKnownFileType = file.sks; path = GameScene.sks; sourceTree = "<group>"; };
		5BCC55D5261B15FC00D309AD /* GameScene.swift */ = {isa = PBXFileReference; fileEncoding = 4; lastKnownFileType = sourcecode.swift; path = GameScene.swift; sourceTree = "<group>"; };
		5BCC55D6261B15FC00D309AD /* LabelGame.swift */ = {isa = PBXFileReference; fileEncoding = 4; lastKnownFileType = sourcecode.swift; path = LabelGame.swift; sourceTree = "<group>"; };
		5BCC55D7261B15FC00D309AD /* NextLevelGap.sks */ = {isa = PBXFileReference; lastKnownFileType = file.sks; path = NextLevelGap.sks; sourceTree = "<group>"; };
		CF836C9825FC515D00EA5424 /* BeatZ.app */ = {isa = PBXFileReference; explicitFileType = wrapper.application; includeInIndex = 0; path = BeatZ.app; sourceTree = BUILT_PRODUCTS_DIR; };
		CFD4063725FF6D710007A505 /* GameKit.framework */ = {isa = PBXFileReference; lastKnownFileType = wrapper.framework; name = GameKit.framework; path = System/Library/Frameworks/GameKit.framework; sourceTree = SDKROOT; };
/* End PBXFileReference section */

/* Begin PBXFrameworksBuildPhase section */
		CF836C9525FC515D00EA5424 /* Frameworks */ = {
			isa = PBXFrameworksBuildPhase;
			buildActionMask = 2147483647;
			files = (
				CFD4063825FF6D710007A505 /* GameKit.framework in Frameworks */,
			);
			runOnlyForDeploymentPostprocessing = 0;
		};
/* End PBXFrameworksBuildPhase section */

/* Begin PBXGroup section */
		5BCC55AA261B15FC00D309AD /* BeatZ */ = {
			isa = PBXGroup;
			children = (
				5BCC55C8261B15FC00D309AD /* Application */,
				5BCC55BF261B15FC00D309AD /* Assets.xcassets */,
				5BCC55C2261B15FC00D309AD /* Manages */,
				5BCC55AF261B15FC00D309AD /* Resources */,
				5BCC55CC261B15FC00D309AD /* SpriteKits */,
				5BCC55AB261B15FC00D309AD /* StoryBoards */,
				5BCC55C0261B15FC00D309AD /* ViewControllers */,
			);
			path = BeatZ;
			sourceTree = "<group>";
		};
		5BCC55AB261B15FC00D309AD /* StoryBoards */ = {
			isa = PBXGroup;
			children = (
				5BCC55AC261B15FC00D309AD /* launchScreen.storyboard */,
				5BCC55AD261B15FC00D309AD /* Main.storyboard */,
			);
			path = StoryBoards;
			sourceTree = "<group>";
		};
		5BCC55AF261B15FC00D309AD /* Resources */ = {
			isa = PBXGroup;
			children = (
				5BCC55B0261B15FC00D309AD /* Sounds */,
				5BCC55BB261B15FC00D309AD /* Fonts */,
			);
			path = Resources;
			sourceTree = "<group>";
		};
		5BCC55B0261B15FC00D309AD /* Sounds */ = {
			isa = PBXGroup;
			children = (
				5BCC55B1261B15FC00D309AD /* song1.mp3 */,
				5BCC55B2261B15FC00D309AD /* song0.mp3 */,
				5BCC55B3261B15FC00D309AD /* song2.mp3 */,
				5BCC55B4261B15FC00D309AD /* song3.mp3 */,
				5BCC55B5261B15FC00D309AD /* song7.mp3 */,
				5BCC55B6261B15FC00D309AD /* song6.mp3 */,
				5BCC55B7261B15FC00D309AD /* song4.mp3 */,
				5BCC55B8261B15FC00D309AD /* touchSong.mp3 */,
				5BCC55B9261B15FC00D309AD /* song5.mp3 */,
				5BCC55BA261B15FC00D309AD /* song8.mp3 */,
			);
			path = Sounds;
			sourceTree = "<group>";
		};
		5BCC55BB261B15FC00D309AD /* Fonts */ = {
			isa = PBXGroup;
			children = (
				5BCC55BC261B15FC00D309AD /* Adumu.ttf */,
				5BCC55BD261B15FC00D309AD /* iomanoid shine.ttf */,
				5BCC55BE261B15FC00D309AD /* YourDreamsDemoBrush-ZVWyq.ttf */,
			);
			path = Fonts;
			sourceTree = "<group>";
		};
		5BCC55C0261B15FC00D309AD /* ViewControllers */ = {
			isa = PBXGroup;
			children = (
				5BCC55C1261B15FC00D309AD /* GameViewController.swift */,
			);
			path = ViewControllers;
			sourceTree = "<group>";
		};
		5BCC55C2261B15FC00D309AD /* Manages */ = {
			isa = PBXGroup;
			children = (
				5BCC55C3261B15FC00D309AD /* AdsManage.swift */,
				5BCC55C4261B15FC00D309AD /* AdsInterstitialManage.swift */,
				5BCC55C5261B15FC00D309AD /* AdsAppOpenManage.swift */,
				5BCC55C6261B15FC00D309AD /* AdsRewardedManage.swift */,
				5BCC55C7261B15FC00D309AD /* FirebaseManage.swift */,
			);
			path = Manages;
			sourceTree = "<group>";
		};
		5BCC55C8261B15FC00D309AD /* Application */ = {
			isa = PBXGroup;
			children = (
				5BCC55C9261B15FC00D309AD /* AppDelegate.swift */,
				5BCC55CA261B15FC00D309AD /* Info.plist */,
				5BCC55CB261B15FC00D309AD /* Actions.sks */,
			);
			path = Application;
			sourceTree = "<group>";
		};
		5BCC55CC261B15FC00D309AD /* SpriteKits */ = {
			isa = PBXGroup;
			children = (
				5BCC55CD261B15FC00D309AD /* MainMenu.sks */,
				5BCC55CE261B15FC00D309AD /* MainMenu.swift */,
				5BCC55CF261B15FC00D309AD /* NextLevelGap.swift */,
				5BCC55D0261B15FC00D309AD /* CustomGame.sks */,
				5BCC55D1261B15FC00D309AD /* CustomGame.swift */,
				5BCC55D2261B15FC00D309AD /* MSButtonNode.swift */,
				5BCC55D3261B15FC00D309AD /* Step.swift */,
				5BCC55D4261B15FC00D309AD /* GameScene.sks */,
				5BCC55D5261B15FC00D309AD /* GameScene.swift */,
				5BCC55D6261B15FC00D309AD /* LabelGame.swift */,
				5BCC55D7261B15FC00D309AD /* NextLevelGap.sks */,
			);
			path = SpriteKits;
			sourceTree = "<group>";
		};
		CF836C8F25FC515D00EA5424 = {
			isa = PBXGroup;
			children = (
				5BCC55AA261B15FC00D309AD /* BeatZ */,
				CFD4063625FF6D710007A505 /* Frameworks */,
				CF836C9925FC515D00EA5424 /* Products */,
			);
			sourceTree = "<group>";
		};
		CF836C9925FC515D00EA5424 /* Products */ = {
			isa = PBXGroup;
			children = (
				CF836C9825FC515D00EA5424 /* BeatZ.app */,
			);
			name = Products;
			sourceTree = "<group>";
		};
		CFD4063625FF6D710007A505 /* Frameworks */ = {
			isa = PBXGroup;
			children = (
				CFD4063725FF6D710007A505 /* GameKit.framework */,
			);
			name = Frameworks;
			sourceTree = "<group>";
		};
/* End PBXGroup section */

/* Begin PBXNativeTarget section */
		CF836C9725FC515D00EA5424 /* BeatZ */ = {
			isa = PBXNativeTarget;
			buildConfigurationList = CF836CAD25FC515F00EA5424 /* Build configuration list for PBXNativeTarget "BeatZ" */;
			buildPhases = (
				CF836C9425FC515D00EA5424 /* Sources */,
				CF836C9525FC515D00EA5424 /* Frameworks */,
				CF836C9625FC515D00EA5424 /* Resources */,
			);
			buildRules = (
			);
			dependencies = (
			);
			name = BeatZ;
			productName = StepUpGame;
			productReference = CF836C9825FC515D00EA5424 /* BeatZ.app */;
			productType = "com.apple.product-type.application";
		};
/* End PBXNativeTarget section */

/* Begin PBXProject section */
		CF836C9025FC515D00EA5424 /* Project object */ = {
			isa = PBXProject;
			attributes = {
				LastSwiftUpdateCheck = 1240;
				LastUpgradeCheck = 1240;
				TargetAttributes = {
					CF836C9725FC515D00EA5424 = {
						CreatedOnToolsVersion = 12.4;
					};
				};
			};
			buildConfigurationList = CF836C9325FC515D00EA5424 /* Build configuration list for PBXProject "BeatZ" */;
			compatibilityVersion = "Xcode 9.3";
			developmentRegion = en;
			hasScannedForEncodings = 0;
			knownRegions = (
				en,
				Base,
			);
			mainGroup = CF836C8F25FC515D00EA5424;
			productRefGroup = CF836C9925FC515D00EA5424 /* Products */;
			projectDirPath = "";
			projectRoot = "";
			targets = (
				CF836C9725FC515D00EA5424 /* BeatZ */,
			);
		};
/* End PBXProject section */

/* Begin PBXResourcesBuildPhase section */
		CF836C9625FC515D00EA5424 /* Resources */ = {
			isa = PBXResourcesBuildPhase;
			buildActionMask = 2147483647;
			files = (
				5BCC55D8261B15FC00D309AD /* launchScreen.storyboard in Resources */,
				5BCC55F0261B15FC00D309AD /* Actions.sks in Resources */,
				5BCC55E1261B15FC00D309AD /* touchSong.mp3 in Resources */,
				5BCC55E0261B15FC00D309AD /* song4.mp3 in Resources */,
				5BCC55F8261B15FC00D309AD /* GameScene.sks in Resources */,
				5BCC55E6261B15FC00D309AD /* YourDreamsDemoBrush-ZVWyq.ttf in Resources */,
				5BCC55DD261B15FC00D309AD /* song3.mp3 in Resources */,
				5BCC55F4261B15FC00D309AD /* CustomGame.sks in Resources */,
				5BCC55DA261B15FC00D309AD /* song1.mp3 in Resources */,
				5BCC55DE261B15FC00D309AD /* song7.mp3 in Resources */,
				5BCC55DF261B15FC00D309AD /* song6.mp3 in Resources */,
				5BCC55DB261B15FC00D309AD /* song0.mp3 in Resources */,
				5BCC55E2261B15FC00D309AD /* song5.mp3 in Resources */,
				5BCC55D9261B15FC00D309AD /* Main.storyboard in Resources */,
				5BCC55F1261B15FC00D309AD /* MainMenu.sks in Resources */,
				5BCC55FB261B15FC00D309AD /* NextLevelGap.sks in Resources */,
				5BCC55E3261B15FC00D309AD /* song8.mp3 in Resources */,
				5BCC55E4261B15FC00D309AD /* Adumu.ttf in Resources */,
				5BCC55DC261B15FC00D309AD /* song2.mp3 in Resources */,
				5BCC55E7261B15FC00D309AD /* Assets.xcassets in Resources */,
				5BCC55E5261B15FC00D309AD /* iomanoid shine.ttf in Resources */,
			);
			runOnlyForDeploymentPostprocessing = 0;
		};
/* End PBXResourcesBuildPhase section */

/* Begin PBXSourcesBuildPhase section */
		CF836C9425FC515D00EA5424 /* Sources */ = {
			isa = PBXSourcesBuildPhase;
			buildActionMask = 2147483647;
			files = (
				5BCC55F5261B15FC00D309AD /* CustomGame.swift in Sources */,
				5BCC55E8261B15FC00D309AD /* GameViewController.swift in Sources */,
				5BCC55ED261B15FC00D309AD /* FirebaseManage.swift in Sources */,
				5BCC55F6261B15FC00D309AD /* MSButtonNode.swift in Sources */,
				5BCC55EC261B15FC00D309AD /* AdsRewardedManage.swift in Sources */,
				5BCC55F7261B15FC00D309AD /* Step.swift in Sources */,
				5BCC55F2261B15FC00D309AD /* MainMenu.swift in Sources */,
				5BCC55EB261B15FC00D309AD /* AdsAppOpenManage.swift in Sources */,
				5BCC55F9261B15FC00D309AD /* GameScene.swift in Sources */,
				5BCC55EE261B15FC00D309AD /* AppDelegate.swift in Sources */,
				5BCC55FA261B15FC00D309AD /* LabelGame.swift in Sources */,
				5BCC55EA261B15FC00D309AD /* AdsInterstitialManage.swift in Sources */,
				5BCC55F3261B15FC00D309AD /* NextLevelGap.swift in Sources */,
				5BCC55E9261B15FC00D309AD /* AdsManage.swift in Sources */,
			);
			runOnlyForDeploymentPostprocessing = 0;
		};
/* End PBXSourcesBuildPhase section */

/* Begin PBXVariantGroup section */
		5BCC55AD261B15FC00D309AD /* Main.storyboard */ = {
			isa = PBXVariantGroup;
			children = (
				5BCC55AE261B15FC00D309AD /* Base */,
			);
			name = Main.storyboard;
			sourceTree = "<group>";
		};
/* End PBXVariantGroup section */

/* Begin XCBuildConfiguration section */
		CF836CAB25FC515F00EA5424 /* Debug */ = {
			isa = XCBuildConfiguration;
			buildSettings = {
				ALWAYS_SEARCH_USER_PATHS = NO;
				CLANG_ANALYZER_NONNULL = YES;
				CLANG_ANALYZER_NUMBER_OBJECT_CONVERSION = YES_AGGRESSIVE;
				CLANG_CXX_LANGUAGE_STANDARD = "gnu++14";
				CLANG_CXX_LIBRARY = "libc++";
				CLANG_ENABLE_MODULES = YES;
				CLANG_ENABLE_OBJC_ARC = YES;
				CLANG_ENABLE_OBJC_WEAK = YES;
				CLANG_WARN_BLOCK_CAPTURE_AUTORELEASING = YES;
				CLANG_WARN_BOOL_CONVERSION = YES;
				CLANG_WARN_COMMA = YES;
				CLANG_WARN_CONSTANT_CONVERSION = YES;
				CLANG_WARN_DEPRECATED_OBJC_IMPLEMENTATIONS = YES;
				CLANG_WARN_DIRECT_OBJC_ISA_USAGE = YES_ERROR;
				CLANG_WARN_DOCUMENTATION_COMMENTS = YES;
				CLANG_WARN_EMPTY_BODY = YES;
				CLANG_WARN_ENUM_CONVERSION = YES;
				CLANG_WARN_INFINITE_RECURSION = YES;
				CLANG_WARN_INT_CONVERSION = YES;
				CLANG_WARN_NON_LITERAL_NULL_CONVERSION = YES;
				CLANG_WARN_OBJC_IMPLICIT_RETAIN_SELF = YES;
				CLANG_WARN_OBJC_LITERAL_CONVERSION = YES;
				CLANG_WARN_OBJC_ROOT_CLASS = YES_ERROR;
				CLANG_WARN_QUOTED_INCLUDE_IN_FRAMEWORK_HEADER = YES;
				CLANG_WARN_RANGE_LOOP_ANALYSIS = YES;
				CLANG_WARN_STRICT_PROTOTYPES = YES;
				CLANG_WARN_SUSPICIOUS_MOVE = YES;
				CLANG_WARN_UNGUARDED_AVAILABILITY = YES_AGGRESSIVE;
				CLANG_WARN_UNREACHABLE_CODE = YES;
				CLANG_WARN__DUPLICATE_METHOD_MATCH = YES;
				COPY_PHASE_STRIP = NO;
				DEBUG_INFORMATION_FORMAT = dwarf;
				ENABLE_STRICT_OBJC_MSGSEND = YES;
				ENABLE_TESTABILITY = YES;
				GCC_C_LANGUAGE_STANDARD = gnu11;
				GCC_DYNAMIC_NO_PIC = NO;
				GCC_NO_COMMON_BLOCKS = YES;
				GCC_OPTIMIZATION_LEVEL = 0;
				GCC_PREPROCESSOR_DEFINITIONS = (
					"DEBUG=1",
					"$(inherited)",
				);
				GCC_WARN_64_TO_32_BIT_CONVERSION = YES;
				GCC_WARN_ABOUT_RETURN_TYPE = YES_ERROR;
				GCC_WARN_UNDECLARED_SELECTOR = YES;
				GCC_WARN_UNINITIALIZED_AUTOS = YES_AGGRESSIVE;
				GCC_WARN_UNUSED_FUNCTION = YES;
				GCC_WARN_UNUSED_VARIABLE = YES;
				IPHONEOS_DEPLOYMENT_TARGET = 14.4;
				MTL_ENABLE_DEBUG_INFO = INCLUDE_SOURCE;
				MTL_FAST_MATH = YES;
				ONLY_ACTIVE_ARCH = YES;
				SDKROOT = iphoneos;
				SWIFT_ACTIVE_COMPILATION_CONDITIONS = DEBUG;
				SWIFT_OPTIMIZATION_LEVEL = "-Onone";
			};
			name = Debug;
		};
		CF836CAC25FC515F00EA5424 /* Release */ = {
			isa = XCBuildConfiguration;
			buildSettings = {
				ALWAYS_SEARCH_USER_PATHS = NO;
				CLANG_ANALYZER_NONNULL = YES;
				CLANG_ANALYZER_NUMBER_OBJECT_CONVERSION = YES_AGGRESSIVE;
				CLANG_CXX_LANGUAGE_STANDARD = "gnu++14";
				CLANG_CXX_LIBRARY = "libc++";
				CLANG_ENABLE_MODULES = YES;
				CLANG_ENABLE_OBJC_ARC = YES;
				CLANG_ENABLE_OBJC_WEAK = YES;
				CLANG_WARN_BLOCK_CAPTURE_AUTORELEASING = YES;
				CLANG_WARN_BOOL_CONVERSION = YES;
				CLANG_WARN_COMMA = YES;
				CLANG_WARN_CONSTANT_CONVERSION = YES;
				CLANG_WARN_DEPRECATED_OBJC_IMPLEMENTATIONS = YES;
				CLANG_WARN_DIRECT_OBJC_ISA_USAGE = YES_ERROR;
				CLANG_WARN_DOCUMENTATION_COMMENTS = YES;
				CLANG_WARN_EMPTY_BODY = YES;
				CLANG_WARN_ENUM_CONVERSION = YES;
				CLANG_WARN_INFINITE_RECURSION = YES;
				CLANG_WARN_INT_CONVERSION = YES;
				CLANG_WARN_NON_LITERAL_NULL_CONVERSION = YES;
				CLANG_WARN_OBJC_IMPLICIT_RETAIN_SELF = YES;
				CLANG_WARN_OBJC_LITERAL_CONVERSION = YES;
				CLANG_WARN_OBJC_ROOT_CLASS = YES_ERROR;
				CLANG_WARN_QUOTED_INCLUDE_IN_FRAMEWORK_HEADER = YES;
				CLANG_WARN_RANGE_LOOP_ANALYSIS = YES;
				CLANG_WARN_STRICT_PROTOTYPES = YES;
				CLANG_WARN_SUSPICIOUS_MOVE = YES;
				CLANG_WARN_UNGUARDED_AVAILABILITY = YES_AGGRESSIVE;
				CLANG_WARN_UNREACHABLE_CODE = YES;
				CLANG_WARN__DUPLICATE_METHOD_MATCH = YES;
				COPY_PHASE_STRIP = NO;
				DEBUG_INFORMATION_FORMAT = "dwarf-with-dsym";
				ENABLE_NS_ASSERTIONS = NO;
				ENABLE_STRICT_OBJC_MSGSEND = YES;
				GCC_C_LANGUAGE_STANDARD = gnu11;
				GCC_NO_COMMON_BLOCKS = YES;
				GCC_WARN_64_TO_32_BIT_CONVERSION = YES;
				GCC_WARN_ABOUT_RETURN_TYPE = YES_ERROR;
				GCC_WARN_UNDECLARED_SELECTOR = YES;
				GCC_WARN_UNINITIALIZED_AUTOS = YES_AGGRESSIVE;
				GCC_WARN_UNUSED_FUNCTION = YES;
				GCC_WARN_UNUSED_VARIABLE = YES;
				IPHONEOS_DEPLOYMENT_TARGET = 14.4;
				MTL_ENABLE_DEBUG_INFO = NO;
				MTL_FAST_MATH = YES;
				SDKROOT = iphoneos;
				SWIFT_COMPILATION_MODE = wholemodule;
				SWIFT_OPTIMIZATION_LEVEL = "-O";
				VALIDATE_PRODUCT = YES;
			};
			name = Release;
		};
		CF836CAE25FC515F00EA5424 /* Debug */ = {
			isa = XCBuildConfiguration;
			buildSettings = {
				ASSETCATALOG_COMPILER_APPICON_NAME = AppIcon;
				ASSETCATALOG_COMPILER_GLOBAL_ACCENT_COLOR_NAME = AccentColor;
				CODE_SIGN_STYLE = Automatic;
				CURRENT_PROJECT_VERSION = 21040401;
				DEVELOPMENT_TEAM = 6B64C9BAR7;
				INFOPLIST_FILE = "$(SRCROOT)/BeatZ/Application/Info.plist";
				IPHONEOS_DEPLOYMENT_TARGET = 11.0;
				LD_RUNPATH_SEARCH_PATHS = (
					"$(inherited)",
					"@executable_path/Frameworks",
				);
				MARKETING_VERSION = 1.0.1;
				PRODUCT_BUNDLE_IDENTIFIER = tuanviet.studio.BeatX;
				PRODUCT_NAME = "$(TARGET_NAME)";
				SWIFT_VERSION = 5.0;
				TARGETED_DEVICE_FAMILY = "1,2";
			};
			name = Debug;
		};
		CF836CAF25FC515F00EA5424 /* Release */ = {
			isa = XCBuildConfiguration;
			buildSettings = {
				ASSETCATALOG_COMPILER_APPICON_NAME = AppIcon;
				ASSETCATALOG_COMPILER_GLOBAL_ACCENT_COLOR_NAME = AccentColor;
				CODE_SIGN_STYLE = Automatic;
				CURRENT_PROJECT_VERSION = 21040401;
				DEVELOPMENT_TEAM = 6B64C9BAR7;
				INFOPLIST_FILE = "$(SRCROOT)/BeatZ/Application/Info.plist";
				IPHONEOS_DEPLOYMENT_TARGET = 11.0;
				LD_RUNPATH_SEARCH_PATHS = (
					"$(inherited)",
					"@executable_path/Frameworks",
				);
				MARKETING_VERSION = 1.0.1;
				PRODUCT_BUNDLE_IDENTIFIER = tuanviet.studio.BeatX;
				PRODUCT_NAME = "$(TARGET_NAME)";
				SWIFT_VERSION = 5.0;
				TARGETED_DEVICE_FAMILY = "1,2";
			};
			name = Release;
		};
/* End XCBuildConfiguration section */

/* Begin XCConfigurationList section */
		CF836C9325FC515D00EA5424 /* Build configuration list for PBXProject "BeatZ" */ = {
			isa = XCConfigurationList;
			buildConfigurations = (
				CF836CAB25FC515F00EA5424 /* Debug */,
				CF836CAC25FC515F00EA5424 /* Release */,
			);
			defaultConfigurationIsVisible = 0;
			defaultConfigurationName = Release;
		};
		CF836CAD25FC515F00EA5424 /* Build configuration list for PBXNativeTarget "BeatZ" */ = {
			isa = XCConfigurationList;
			buildConfigurations = (
				CF836CAE25FC515F00EA5424 /* Debug */,
				CF836CAF25FC515F00EA5424 /* Release */,
			);
			defaultConfigurationIsVisible = 0;
			defaultConfigurationName = Release;
		};
/* End XCConfigurationList section */
	};
	rootObject = CF836C9025FC515D00EA5424 /* Project object */;
}
